{
  "name": "vcardecho",
  "version": "1.0.0",
  "lockfileVersion": 2,
  "requires": true,
  "packages": {
    "": {
      "name": "vcardecho",
      "version": "1.0.0",
      "dependencies": {
        "@types/parse-multipart": "^1.0.0",
        "http-status-enum": "^1.0.2",
        "parse-multipart": "^1.0.4",
        "vcard3": "^0.0.2",
        "vcard4": "^3.1.0"
      },
      "devDependencies": {
        "@azure/functions": "^3.0.0",
        "@types/node": "16.x",
        "typescript": "^4.0.0"
      }
    },
    "node_modules/@azure/functions": {
      "version": "3.2.0",
      "resolved": "https://registry.npmjs.org/@azure/functions/-/functions-3.2.0.tgz",
      "integrity": "sha512-HbE7iORnYcjLzKNf5mIQRJQDTsVxhoXHRWEZ6KWdGh4e7+F9xTloiBicavbSoVmlAYivenIVpryHanVwsQaHUw==",
      "dev": true
    },
    "node_modules/@types/node": {
      "version": "16.11.45",
      "resolved": "https://registry.npmjs.org/@types/node/-/node-16.11.45.tgz",
      "integrity": "sha512-3rKg/L5x0rofKuuUt5zlXzOnKyIHXmIu5R8A0TuNDMF2062/AOIDBciFIjToLEJ/9F9DzkHNot+BpNsMI1OLdQ=="
    },
    "node_modules/@types/parse-multipart": {
      "version": "1.0.0",
      "resolved": "https://registry.npmjs.org/@types/parse-multipart/-/parse-multipart-1.0.0.tgz",
      "integrity": "sha512-8FClkxZvlFU/lme6c8CflkDJZuWPhd5DcBlpeZ7+QwJGf4A4zScuLMp+05fRD6sqL9JPZTtJhPadfxNQh8jzrA==",
      "dependencies": {
        "@types/node": "*"
      }
    },
    "node_modules/http-status-enum": {
      "version": "1.0.2",
      "resolved": "https://registry.npmjs.org/http-status-enum/-/http-status-enum-1.0.2.tgz",
      "integrity": "sha512-ziMXS3wD+UJsIzBa1dPzw5wRSH6TDbRRKLFdFaAF0v8AokTlbZt/Yc13q6dBxovqNDyeelrq2OK2AoNBw/sqdw=="
    },
    "node_modules/parse-multipart": {
      "version": "1.0.4",
      "resolved": "https://registry.npmjs.org/parse-multipart/-/parse-multipart-1.0.4.tgz",
      "integrity": "sha512-BQBmA/1qJzNnrPnRUzJhqGwbybsXa6Ot8vII5w+JT8gp2p7h9oWHwgAc29ohp669ZPzIy9izLi8ali9ngGmuAQ=="
    },
    "node_modules/typescript": {
      "version": "4.7.4",
      "resolved": "https://registry.npmjs.org/typescript/-/typescript-4.7.4.tgz",
      "integrity": "sha512-C0WQT0gezHuw6AdY1M2jxUO83Rjf0HP7Sk1DtXj6j1EwkQNZrHAg2XPWlq62oqEhYvONq5pkC2Y9oPljWToLmQ==",
      "dev": true,
      "bin": {
        "tsc": "bin/tsc",
        "tsserver": "bin/tsserver"
      },
      "engines": {
        "node": ">=4.2.0"
      }
    },
    "node_modules/vcard3": {
      "version": "0.0.2",
      "resolved": "https://registry.npmjs.org/vcard3/-/vcard3-0.0.2.tgz",
      "integrity": "sha512-3MO3MVa4PEIS+xgt7FekeNtbEB8ji+yRQCFolX+5Uyr62eQhrz9zTyeWR5YCH4P1/U0s0WTEp+xuhtzbWFBocg==",
      "engines": {
        "node": ">=8.0.0"
      }
    },
    "node_modules/vcard4": {
      "version": "3.1.0",
      "resolved": "https://registry.npmjs.org/vcard4/-/vcard4-3.1.0.tgz",
      "integrity": "sha512-VCOJ30NuL+SFk5WryLAky18kolX7+gS+yRFjo8iOOick6zJ5pdPmZyjlxdwik5z64TEFQe0hdc0SDdoUD/fkHQ=="
    }
  },
  "dependencies": {
    "@azure/functions": {
      "version": "3.2.0",
      "resolved": "https://registry.npmjs.org/@azure/functions/-/functions-3.2.0.tgz",
      "integrity": "sha512-HbE7iORnYcjLzKNf5mIQRJQDTsVxhoXHRWEZ6KWdGh4e7+F9xTloiBicavbSoVmlAYivenIVpryHanVwsQaHUw==",
      "dev": true
    },
    "@types/node": {
      "version": "16.11.45",
      "resolved": "https://registry.npmjs.org/@types/node/-/node-16.11.45.tgz",
      "integrity": "sha512-3rKg/L5x0rofKuuUt5zlXzOnKyIHXmIu5R8A0TuNDMF2062/AOIDBciFIjToLEJ/9F9DzkHNot+BpNsMI1OLdQ=="
    },
    "@types/parse-multipart": {
      "version": "1.0.0",
      "resolved": "https://registry.npmjs.org/@types/parse-multipart/-/parse-multipart-1.0.0.tgz",
      "integrity": "sha512-8FClkxZvlFU/lme6c8CflkDJZuWPhd5DcBlpeZ7+QwJGf4A4zScuLMp+05fRD6sqL9JPZTtJhPadfxNQh8jzrA==",
      "requires": {
        "@types/node": "*"
      }
    },
    "http-status-enum": {
      "version": "1.0.2",
      "resolved": "https://registry.npmjs.org/http-status-enum/-/http-status-enum-1.0.2.tgz",
      "integrity": "sha512-ziMXS3wD+UJsIzBa1dPzw5wRSH6TDbRRKLFdFaAF0v8AokTlbZt/Yc13q6dBxovqNDyeelrq2OK2AoNBw/sqdw=="
    },
    "parse-multipart": {
      "version": "1.0.4",
      "resolved": "https://registry.npmjs.org/parse-multipart/-/parse-multipart-1.0.4.tgz",
      "integrity": "sha512-BQBmA/1qJzNnrPnRUzJhqGwbybsXa6Ot8vII5w+JT8gp2p7h9oWHwgAc29ohp669ZPzIy9izLi8ali9ngGmuAQ=="
    },
    "typescript": {
      "version": "4.7.4",
      "resolved": "https://registry.npmjs.org/typescript/-/typescript-4.7.4.tgz",
      "integrity": "sha512-C0WQT0gezHuw6AdY1M2jxUO83Rjf0HP7Sk1DtXj6j1EwkQNZrHAg2XPWlq62oqEhYvONq5pkC2Y9oPljWToLmQ==",
      "dev": true
    },
    "vcard3": {
      "version": "0.0.2",
      "resolved": "https://registry.npmjs.org/vcard3/-/vcard3-0.0.2.tgz",
      "integrity": "sha512-3MO3MVa4PEIS+xgt7FekeNtbEB8ji+yRQCFolX+5Uyr62eQhrz9zTyeWR5YCH4P1/U0s0WTEp+xuhtzbWFBocg=="
    },
    "vcard4": {
      "version": "3.1.0",
      "resolved": "https://registry.npmjs.org/vcard4/-/vcard4-3.1.0.tgz",
      "integrity": "sha512-VCOJ30NuL+SFk5WryLAky18kolX7+gS+yRFjo8iOOick6zJ5pdPmZyjlxdwik5z64TEFQe0hdc0SDdoUD/fkHQ=="
    }
  }
}
